
Microsoft Visual Studio Solution File, Format Version 12.00
# Visual Studio Version 16
VisualStudioVersion = 16.0.30523.141
MinimumVisualStudioVersion = 10.0.40219.1
Project("{FAE04EC0-301F-11D3-BF4B-00C04F79EFBC}") = "Advanced_2021_Linked_List_1", "Advanced_2021_Linked_List_1\Advanced_2021_Linked_List_1.csproj", "{9A16A47C-31D0-472F-9CB2-73A84E2EDC85}"
EndProject
Global
	GlobalSection(SolutionConfigurationPlatforms) = preSolution
		Debug|Any CPU = Debug|Any CPU
		Release|Any CPU = Release|Any CPU
	EndGlobalSection
	GlobalSection(ProjectConfigurationPlatforms) = postSolution
		{9A16A47C-31D0-472F-9CB2-73A84E2EDC85}.Debug|Any CPU.ActiveCfg = Debug|Any CPU
		{9A16A47C-31D0-472F-9CB2-73A84E2EDC85}.Debug|Any CPU.Build.0 = Debug|Any CPU
		{9A16A47C-31D0-472F-9CB2-73A84E2EDC85}.Release|Any CPU.ActiveCfg = Release|Any CPU
		{9A16A47C-31D0-472F-9CB2-73A84E2EDC85}.Release|Any CPU.Build.0 = Release|Any CPU
	EndGlobalSection
	GlobalSection(SolutionProperties) = preSolution
		HideSolutionNode = FALSE
	EndGlobalSection
	GlobalSection(ExtensibilityGlobals) = postSolution
		SolutionGuid = {75187550-BD7A-4074-B085-D69F892DBA89}
	EndGlobalSection
EndGlobal
